// !$*UTF8*$!
{
	archiveVersion = 1;
	classes = {
	};
	objectVersion = 46;
	objects = {

/* Begin PBXBuildFile section */
		4454D7781BCC8E7800063B71 /* AppDelegate.swift in Sources */ = {isa = PBXBuildFile; fileRef = 4454D7771BCC8E7800063B71 /* AppDelegate.swift */; };
		4454D77D1BCC8E7800063B71 /* Main.storyboard in Resources */ = {isa = PBXBuildFile; fileRef = 4454D77B1BCC8E7800063B71 /* Main.storyboard */; };
		4454D77F1BCC8E7800063B71 /* Assets.xcassets in Resources */ = {isa = PBXBuildFile; fileRef = 4454D77E1BCC8E7800063B71 /* Assets.xcassets */; };
		4454D7821BCC8E7800063B71 /* LaunchScreen.storyboard in Resources */ = {isa = PBXBuildFile; fileRef = 4454D7801BCC8E7800063B71 /* LaunchScreen.storyboard */; };
		4454D78C1BCC8F0100063B71 /* GMDColorsTableViewController.swift in Sources */ = {isa = PBXBuildFile; fileRef = 4454D78B1BCC8F0100063B71 /* GMDColorsTableViewController.swift */; };
		4454D7911BCCAA1900063B71 /* GMDColors.swift in Sources */ = {isa = PBXBuildFile; fileRef = 4454D7901BCCAA1900063B71 /* GMDColors.swift */; };
/* End PBXBuildFile section */

/* Begin PBXFileReference section */
		4454D7741BCC8E7800063B71 /* GMDColors.app */ = {isa = PBXFileReference; explicitFileType = wrapper.application; includeInIndex = 0; path = GMDColors.app; sourceTree = BUILT_PRODUCTS_DIR; };
		4454D7771BCC8E7800063B71 /* AppDelegate.swift */ = {isa = PBXFileReference; lastKnownFileType = sourcecode.swift; path = AppDelegate.swift; sourceTree = "<group>"; };
		4454D77C1BCC8E7800063B71 /* Base */ = {isa = PBXFileReference; lastKnownFileType = file.storyboard; name = Base; path = Base.lproj/Main.storyboard; sourceTree = "<group>"; };
		4454D77E1BCC8E7800063B71 /* Assets.xcassets */ = {isa = PBXFileReference; lastKnownFileType = folder.assetcatalog; path = Assets.xcassets; sourceTree = "<group>"; };
		4454D7811BCC8E7800063B71 /* Base */ = {isa = PBXFileReference; lastKnownFileType = file.storyboard; name = Base; path = Base.lproj/LaunchScreen.storyboard; sourceTree = "<group>"; };
		4454D7831BCC8E7800063B71 /* Info.plist */ = {isa = PBXFileReference; lastKnownFileType = text.plist.xml; path = Info.plist; sourceTree = "<group>"; };
		4454D78B1BCC8F0100063B71 /* GMDColorsTableViewController.swift */ = {isa = PBXFileReference; fileEncoding = 4; lastKnownFileType = sourcecode.swift; path = GMDColorsTableViewController.swift; sourceTree = "<group>"; };
		4454D7901BCCAA1900063B71 /* GMDColors.swift */ = {isa = PBXFileReference; fileEncoding = 4; lastKnownFileType = sourcecode.swift; name = GMDColors.swift; path = ../Source/GMDColors.swift; sourceTree = "<group>"; };
/* End PBXFileReference section */

/* Begin PBXFrameworksBuildPhase section */
		4454D7711BCC8E7800063B71 /* Frameworks */ = {
			isa = PBXFrameworksBuildPhase;
			buildActionMask = 2147483647;
			files = (
			);
			runOnlyForDeploymentPostprocessing = 0;
		};
/* End PBXFrameworksBuildPhase section */

/* Begin PBXGroup section */
		4454D76B1BCC8E7800063B71 = {
			isa = PBXGroup;
			children = (
				4454D78D1BCCA44500063B71 /* Source */,
				4454D7761BCC8E7800063B71 /* GMDColors */,
				4454D7751BCC8E7800063B71 /* Products */,
			);
			sourceTree = "<group>";
		};
		4454D7751BCC8E7800063B71 /* Products */ = {
			isa = PBXGroup;
			children = (
				4454D7741BCC8E7800063B71 /* GMDColors.app */,
			);
			name = Products;
			sourceTree = "<group>";
		};
		4454D7761BCC8E7800063B71 /* GMDColors */ = {
			isa = PBXGroup;
			children = (
				4454D7771BCC8E7800063B71 /* AppDelegate.swift */,
				4454D78B1BCC8F0100063B71 /* GMDColorsTableViewController.swift */,
				4454D77B1BCC8E7800063B71 /* Main.storyboard */,
				4454D77E1BCC8E7800063B71 /* Assets.xcassets */,
				4454D7801BCC8E7800063B71 /* LaunchScreen.storyboard */,
				4454D7831BCC8E7800063B71 /* Info.plist */,
			);
			path = GMDColors;
			sourceTree = "<group>";
		};
		4454D78D1BCCA44500063B71 /* Source */ = {
			isa = PBXGroup;
			children = (
				4454D7901BCCAA1900063B71 /* GMDColors.swift */,
			);
			name = Source;
			sourceTree = "<group>";
		};
/* End PBXGroup section */

/* Begin PBXNativeTarget section */
		4454D7731BCC8E7800063B71 /* GMDColors */ = {
			isa = PBXNativeTarget;
			buildConfigurationList = 4454D7861BCC8E7800063B71 /* Build configuration list for PBXNativeTarget "GMDColors" */;
			buildPhases = (
				4454D7701BCC8E7800063B71 /* Sources */,
				4454D7711BCC8E7800063B71 /* Frameworks */,
				4454D7721BCC8E7800063B71 /* Resources */,
			);
			buildRules = (
			);
			dependencies = (
			);
			name = GMDColors;
			productName = GMDColors;
			productReference = 4454D7741BCC8E7800063B71 /* GMDColors.app */;
			productType = "com.apple.product-type.application";
		};
/* End PBXNativeTarget section */

/* Begin PBXProject section */
		4454D76C1BCC8E7800063B71 /* Project object */ = {
			isa = PBXProject;
			attributes = {
				LastUpgradeCheck = 0700;
				ORGANIZATIONNAME = "Vincenzo Favara";
				TargetAttributes = {
					4454D7731BCC8E7800063B71 = {
						CreatedOnToolsVersion = 7.0.1;
						DevelopmentTeam = 3YJR8G2GS6;
						LastSwiftMigration = 0820;
					};
				};
			};
			buildConfigurationList = 4454D76F1BCC8E7800063B71 /* Build configuration list for PBXProject "GMDColors" */;
			compatibilityVersion = "Xcode 3.2";
			developmentRegion = English;
			hasScannedForEncodings = 0;
			knownRegions = (
				en,
				Base,
			);
			mainGroup = 4454D76B1BCC8E7800063B71;
			productRefGroup = 4454D7751BCC8E7800063B71 /* Products */;
			projectDirPath = "";
			projectRoot = "";
			targets = (
				4454D7731BCC8E7800063B71 /* GMDColors */,
			);
		};
/* End PBXProject section */

/* Begin PBXResourcesBuildPhase section */
		4454D7721BCC8E7800063B71 /* Resources */ = {
			isa = PBXResourcesBuildPhase;
			buildActionMask = 2147483647;
			files = (
				4454D7821BCC8E7800063B71 /* LaunchScreen.storyboard in Resources */,
				4454D77F1BCC8E7800063B71 /* Assets.xcassets in Resources */,
				4454D77D1BCC8E7800063B71 /* Main.storyboard in Resources */,
			);
			runOnlyForDeploymentPostprocessing = 0;
		};
/* End PBXResourcesBuildPhase section */

/* Begin PBXSourcesBuildPhase section */
		4454D7701BCC8E7800063B71 /* Sources */ = {
			isa = PBXSourcesBuildPhase;
			buildActionMask = 2147483647;
			files = (
				4454D78C1BCC8F0100063B71 /* GMDColorsTableViewController.swift in Sources */,
				4454D7911BCCAA1900063B71 /* GMDColors.swift in Sources */,
				4454D7781BCC8E7800063B71 /* AppDelegate.swift in Sources */,
			);
			runOnlyForDeploymentPostprocessing = 0;
		};
/* End PBXSourcesBuildPhase section */

/* Begin PBXVariantGroup section */
		4454D77B1BCC8E7800063B71 /* Main.storyboard */ = {
			isa = PBXVariantGroup;
			children = (
				4454D77C1BCC8E7800063B71 /* Base */,
			);
			name = Main.storyboard;
			sourceTree = "<group>";
		};
		4454D7801BCC8E7800063B71 /* LaunchScreen.storyboard */ = {
			isa = PBXVariantGroup;
			children = (
				4454D7811BCC8E7800063B71 /* Base */,
			);
			name = LaunchScreen.storyboard;
			sourceTree = "<group>";
		};
/* End PBXVariantGroup section */

/* Begin XCBuildConfiguration section */
		4454D7841BCC8E7800063B71 /* Debug */ = {
			isa = XCBuildConfiguration;
			buildSettings = {
				ALWAYS_SEARCH_USER_PATHS = NO;
				CLANG_CXX_LANGUAGE_STANDARD = "gnu++0x";
				CLANG_CXX_LIBRARY = "libc++";
				CLANG_ENABLE_MODULES = YES;
				CLANG_ENABLE_OBJC_ARC = YES;
				CLANG_WARN_BOOL_CONVERSION = YES;
				CLANG_WARN_CONSTANT_CONVERSION = YES;
				CLANG_WARN_DIRECT_OBJC_ISA_USAGE = YES_ERROR;
				CLANG_WARN_EMPTY_BODY = YES;
				CLANG_WARN_ENUM_CONVERSION = YES;
				CLANG_WARN_INT_CONVERSION = YES;
				CLANG_WARN_OBJC_ROOT_CLASS = YES_ERROR;
				CLANG_WARN_UNREACHABLE_CODE = YES;
				CLANG_WARN__DUPLICATE_METHOD_MATCH = YES;
				"CODE_SIGN_IDENTITY[sdk=iphoneos*]" = "iPhone Developer";
				COPY_PHASE_STRIP = NO;
				DEBUG_INFORMATION_FORMAT = dwarf;
				ENABLE_STRICT_OBJC_MSGSEND = YES;
				ENABLE_TESTABILITY = YES;
				GCC_C_LANGUAGE_STANDARD = gnu99;
				GCC_DYNAMIC_NO_PIC = NO;
				GCC_NO_COMMON_BLOCKS = YES;
				GCC_OPTIMIZATION_LEVEL = 0;
				GCC_PREPROCESSOR_DEFINITIONS = (
					"DEBUG=1",
					"$(inherited)",
				);
				GCC_WARN_64_TO_32_BIT_CONVERSION = YES;
				GCC_WARN_ABOUT_RETURN_TYPE = YES_ERROR;
				GCC_WARN_UNDECLARED_SELECTOR = YES;
				GCC_WARN_UNINITIALIZED_AUTOS = YES_AGGRESSIVE;
				GCC_WARN_UNUSED_FUNCTION = YES;
				GCC_WARN_UNUSED_VARIABLE = YES;
				IPHONEOS_DEPLOYMENT_TARGET = 9.0;
				MTL_ENABLE_DEBUG_INFO = YES;
				ONLY_ACTIVE_ARCH = YES;
				SDKROOT = iphoneos;
				SWIFT_OPTIMIZATION_LEVEL = "-Onone";
				TARGETED_DEVICE_FAMILY = "1,2";
			};
			name = Debug;
		};
		4454D7851BCC8E7800063B71 /* Release */ = {
			isa = XCBuildConfiguration;
			buildSettings = {
				ALWAYS_SEARCH_USER_PATHS = NO;
				CLANG_CXX_LANGUAGE_STANDARD = "gnu++0x";
				CLANG_CXX_LIBRARY = "libc++";
				CLANG_ENABLE_MODULES = YES;
				CLANG_ENABLE_OBJC_ARC = YES;
				CLANG_WARN_BOOL_CONVERSION = YES;
				CLANG_WARN_CONSTANT_CONVERSION = YES;
				CLANG_WARN_DIRECT_OBJC_ISA_USAGE = YES_ERROR;
				CLANG_WARN_EMPTY_BODY = YES;
				CLANG_WARN_ENUM_CONVERSION = YES;
				CLANG_WARN_INT_CONVERSION = YES;
				CLANG_WARN_OBJC_ROOT_CLASS = YES_ERROR;
				CLANG_WARN_UNREACHABLE_CODE = YES;
				CLANG_WARN__DUPLICATE_METHOD_MATCH = YES;
				"CODE_SIGN_IDENTITY[sdk=iphoneos*]" = "iPhone Developer";
				COPY_PHASE_STRIP = NO;
				DEBUG_INFORMATION_FORMAT = "dwarf-with-dsym";
				ENABLE_NS_ASSERTIONS = NO;
				ENABLE_STRICT_OBJC_MSGSEND = YES;
				GCC_C_LANGUAGE_STANDARD = gnu99;
				GCC_NO_COMMON_BLOCKS = YES;
				GCC_WARN_64_TO_32_BIT_CONVERSION = YES;
				GCC_WARN_ABOUT_RETURN_TYPE = YES_ERROR;
				GCC_WARN_UNDECLARED_SELECTOR = YES;
				GCC_WARN_UNINITIALIZED_AUTOS = YES_AGGRESSIVE;
				GCC_WARN_UNUSED_FUNCTION = YES;
				GCC_WARN_UNUSED_VARIABLE = YES;
				IPHONEOS_DEPLOYMENT_TARGET = 9.0;
				MTL_ENABLE_DEBUG_INFO = NO;
				SDKROOT = iphoneos;
				TARGETED_DEVICE_FAMILY = "1,2";
				VALIDATE_PRODUCT = YES;
			};
			name = Release;
		};
		4454D7871BCC8E7800063B71 /* Debug */ = {
			isa = XCBuildConfiguration;
			buildSettings = {
				ASSETCATALOG_COMPILER_APPICON_NAME = AppIcon;
				DEVELOPMENT_TEAM = 3YJR8G2GS6;
				INFOPLIST_FILE = GMDColors/Info.plist;
				LD_RUNPATH_SEARCH_PATHS = "$(inherited) @executable_path/Frameworks";
				PRODUCT_BUNDLE_IDENTIFIER = com.vinsoft.vivi.GMDColors;
				PRODUCT_NAME = "$(TARGET_NAME)";
				SWIFT_VERSION = 3.0;
			};
			name = Debug;
		};
		4454D7881BCC8E7800063B71 /* Release */ = {
			isa = XCBuildConfiguration;
			buildSettings = {
				ASSETCATALOG_COMPILER_APPICON_NAME = AppIcon;
				DEVELOPMENT_TEAM = 3YJR8G2GS6;
				INFOPLIST_FILE = GMDColors/Info.plist;
				LD_RUNPATH_SEARCH_PATHS = "$(inherited) @executable_path/Frameworks";
				PRODUCT_BUNDLE_IDENTIFIER = com.vinsoft.vivi.GMDColors;
				PRODUCT_NAME = "$(TARGET_NAME)";
				SWIFT_VERSION = 3.0;
			};
			name = Release;
		};
/* End XCBuildConfiguration section */

/* Begin XCConfigurationList section */
		4454D76F1BCC8E7800063B71 /* Build configuration list for PBXProject "GMDColors" */ = {
			isa = XCConfigurationList;
			buildConfigurations = (
				4454D7841BCC8E7800063B71 /* Debug */,
				4454D7851BCC8E7800063B71 /* Release */,
			);
			defaultConfigurationIsVisible = 0;
			defaultConfigurationName = Release;
		};
		4454D7861BCC8E7800063B71 /* Build configuration list for PBXNativeTarget "GMDColors" */ = {
			isa = XCConfigurationList;
			buildConfigurations = (
				4454D7871BCC8E7800063B71 /* Debug */,
				4454D7881BCC8E7800063B71 /* Release */,
			);
			defaultConfigurationIsVisible = 0;
			defaultConfigurationName = Release;
		};
/* End XCConfigurationList section */
	};
	rootObject = 4454D76C1BCC8E7800063B71 /* Project object */;
}
